
Microsoft Visual Studio Solution File, Format Version 12.00
# Visual Studio Version 17
VisualStudioVersion = 17.4.33122.133
MinimumVisualStudioVersion = 10.0.40219.1
Project("{FAE04EC0-301F-11D3-BF4B-00C04F79EFBC}") = "SlownikApp", "SlownikApp\SlownikApp.csproj", "{42B2BE7F-B243-4065-A503-CE9ABB7FA5E1}"
EndProject
Global
	GlobalSection(SolutionConfigurationPlatforms) = preSolution
		Debug|Any CPU = Debug|Any CPU
		Release|Any CPU = Release|Any CPU
	EndGlobalSection
	GlobalSection(ProjectConfigurationPlatforms) = postSolution
		{42B2BE7F-B243-4065-A503-CE9ABB7FA5E1}.Debug|Any CPU.ActiveCfg = Debug|Any CPU
		{42B2BE7F-B243-4065-A503-CE9ABB7FA5E1}.Debug|Any CPU.Build.0 = Debug|Any CPU
		{42B2BE7F-B243-4065-A503-CE9ABB7FA5E1}.Release|Any CPU.ActiveCfg = Release|Any CPU
		{42B2BE7F-B243-4065-A503-CE9ABB7FA5E1}.Release|Any CPU.Build.0 = Release|Any CPU
	EndGlobalSection
	GlobalSection(SolutionProperties) = preSolution
		HideSolutionNode = FALSE
	EndGlobalSection
	GlobalSection(ExtensibilityGlobals) = postSolution
		SolutionGuid = {0BF48A9E-BC5F-49AA-8806-460A4671109D}
	EndGlobalSection
EndGlobal
